
Microsoft Visual Studio Solution File, Format Version 12.00
# Visual Studio Version 16
VisualStudioVersion = 16.0.32228.343
MinimumVisualStudioVersion = 10.0.40219.1
Project("{FAE04EC0-301F-11D3-BF4B-00C04F79EFBC}") = "CognitiveServices.TextAnalytics", "CognitiveServices.TextAnalytics.csproj", "{A8DDD03A-93B1-49BC-9181-50BF8D874540}"
EndProject
Project("{FAE04EC0-301F-11D3-BF4B-00C04F79EFBC}") = "ComputerVisionDemo", "..\ComputerVisionDemo\ComputerVisionDemo.csproj", "{03DD39A6-5C69-449D-9E48-527C72133B32}"
EndProject
Global
	GlobalSection(SolutionConfigurationPlatforms) = preSolution
		Debug|Any CPU = Debug|Any CPU
		Release|Any CPU = Release|Any CPU
	EndGlobalSection
	GlobalSection(ProjectConfigurationPlatforms) = postSolution
		{A8DDD03A-93B1-49BC-9181-50BF8D874540}.Debug|Any CPU.ActiveCfg = Debug|Any CPU
		{A8DDD03A-93B1-49BC-9181-50BF8D874540}.Debug|Any CPU.Build.0 = Debug|Any CPU
		{A8DDD03A-93B1-49BC-9181-50BF8D874540}.Release|Any CPU.ActiveCfg = Release|Any CPU
		{A8DDD03A-93B1-49BC-9181-50BF8D874540}.Release|Any CPU.Build.0 = Release|Any CPU
		{03DD39A6-5C69-449D-9E48-527C72133B32}.Debug|Any CPU.ActiveCfg = Debug|Any CPU
		{03DD39A6-5C69-449D-9E48-527C72133B32}.Debug|Any CPU.Build.0 = Debug|Any CPU
		{03DD39A6-5C69-449D-9E48-527C72133B32}.Release|Any CPU.ActiveCfg = Release|Any CPU
		{03DD39A6-5C69-449D-9E48-527C72133B32}.Release|Any CPU.Build.0 = Release|Any CPU
	EndGlobalSection
	GlobalSection(SolutionProperties) = preSolution
		HideSolutionNode = FALSE
	EndGlobalSection
	GlobalSection(ExtensibilityGlobals) = postSolution
		SolutionGuid = {98B025C1-4200-411B-9D8E-1BE3786F7345}
	EndGlobalSection
EndGlobal
